
Microsoft Visual Studio Solution File, Format Version 12.00
# Visual Studio 14
VisualStudioVersion = 14.0.23107.0
MinimumVisualStudioVersion = 10.0.40219.1
Project("{FAE04EC0-301F-11D3-BF4B-00C04F79EFBC}") = "Vista", "Vista\Vista.csproj", "{023FD8C0-73AF-465B-8855-38A6C5189E46}"
EndProject
Project("{FAE04EC0-301F-11D3-BF4B-00C04F79EFBC}") = "Datos", "Datos\Datos.csproj", "{BFB62636-25E5-4742-8D91-80BAFB240554}"
EndProject
Global
	GlobalSection(SolutionConfigurationPlatforms) = preSolution
		Debug|Any CPU = Debug|Any CPU
		Release|Any CPU = Release|Any CPU
	EndGlobalSection
	GlobalSection(ProjectConfigurationPlatforms) = postSolution
		{023FD8C0-73AF-465B-8855-38A6C5189E46}.Debug|Any CPU.ActiveCfg = Debug|Any CPU
		{023FD8C0-73AF-465B-8855-38A6C5189E46}.Debug|Any CPU.Build.0 = Debug|Any CPU
		{023FD8C0-73AF-465B-8855-38A6C5189E46}.Release|Any CPU.ActiveCfg = Release|Any CPU
		{023FD8C0-73AF-465B-8855-38A6C5189E46}.Release|Any CPU.Build.0 = Release|Any CPU
		{BFB62636-25E5-4742-8D91-80BAFB240554}.Debug|Any CPU.ActiveCfg = Debug|Any CPU
		{BFB62636-25E5-4742-8D91-80BAFB240554}.Debug|Any CPU.Build.0 = Debug|Any CPU
		{BFB62636-25E5-4742-8D91-80BAFB240554}.Release|Any CPU.ActiveCfg = Release|Any CPU
		{BFB62636-25E5-4742-8D91-80BAFB240554}.Release|Any CPU.Build.0 = Release|Any CPU
	EndGlobalSection
	GlobalSection(SolutionProperties) = preSolution
		HideSolutionNode = FALSE
	EndGlobalSection
EndGlobal
